
Microsoft Visual Studio Solution File, Format Version 12.00
# Visual Studio 2013
VisualStudioVersion = 12.0.21005.1
MinimumVisualStudioVersion = 10.0.40219.1
Project("{FAE04EC0-301F-11D3-BF4B-00C04F79EFBC}") = "01-IsLeapYear", "01-IsLeapYear\01-IsLeapYear.csproj", "{BF879A60-6E01-4C68-A9E1-B8261DCE44B5}"
EndProject
Project("{FAE04EC0-301F-11D3-BF4B-00C04F79EFBC}") = "02-RandomNumbers", "02-RandomNumbers\02-RandomNumbers.csproj", "{920E6ABD-2936-4125-BB49-C8F553413261}"
EndProject
Project("{FAE04EC0-301F-11D3-BF4B-00C04F79EFBC}") = "03-Today", "03-Today\03-Today.csproj", "{600ACC68-BD2A-457B-8A10-A681BA97A993}"
EndProject
Project("{FAE04EC0-301F-11D3-BF4B-00C04F79EFBC}") = "04-TriangleSurface", "04-TriangleSurface\04-TriangleSurface.csproj", "{FB58F68A-2528-48AC-9F1F-B9D14BED41B4}"
EndProject
Project("{FAE04EC0-301F-11D3-BF4B-00C04F79EFBC}") = "05-WorkDays", "05-WorkDays\05-WorkDays.csproj", "{192B2312-8A70-41E6-BB81-D5F22C13FDD5}"
EndProject
Project("{FAE04EC0-301F-11D3-BF4B-00C04F79EFBC}") = "06-SumOfIntegers", "06-SumOfIntegers\06-SumOfIntegers.csproj", "{70167906-507C-465E-9E20-9BEF239F197E}"
EndProject
Global
	GlobalSection(SolutionConfigurationPlatforms) = preSolution
		Debug|Any CPU = Debug|Any CPU
		Release|Any CPU = Release|Any CPU
	EndGlobalSection
	GlobalSection(ProjectConfigurationPlatforms) = postSolution
		{BF879A60-6E01-4C68-A9E1-B8261DCE44B5}.Debug|Any CPU.ActiveCfg = Debug|Any CPU
		{BF879A60-6E01-4C68-A9E1-B8261DCE44B5}.Debug|Any CPU.Build.0 = Debug|Any CPU
		{BF879A60-6E01-4C68-A9E1-B8261DCE44B5}.Release|Any CPU.ActiveCfg = Release|Any CPU
		{BF879A60-6E01-4C68-A9E1-B8261DCE44B5}.Release|Any CPU.Build.0 = Release|Any CPU
		{920E6ABD-2936-4125-BB49-C8F553413261}.Debug|Any CPU.ActiveCfg = Debug|Any CPU
		{920E6ABD-2936-4125-BB49-C8F553413261}.Debug|Any CPU.Build.0 = Debug|Any CPU
		{920E6ABD-2936-4125-BB49-C8F553413261}.Release|Any CPU.ActiveCfg = Release|Any CPU
		{920E6ABD-2936-4125-BB49-C8F553413261}.Release|Any CPU.Build.0 = Release|Any CPU
		{600ACC68-BD2A-457B-8A10-A681BA97A993}.Debug|Any CPU.ActiveCfg = Debug|Any CPU
		{600ACC68-BD2A-457B-8A10-A681BA97A993}.Debug|Any CPU.Build.0 = Debug|Any CPU
		{600ACC68-BD2A-457B-8A10-A681BA97A993}.Release|Any CPU.ActiveCfg = Release|Any CPU
		{600ACC68-BD2A-457B-8A10-A681BA97A993}.Release|Any CPU.Build.0 = Release|Any CPU
		{FB58F68A-2528-48AC-9F1F-B9D14BED41B4}.Debug|Any CPU.ActiveCfg = Debug|Any CPU
		{FB58F68A-2528-48AC-9F1F-B9D14BED41B4}.Debug|Any CPU.Build.0 = Debug|Any CPU
		{FB58F68A-2528-48AC-9F1F-B9D14BED41B4}.Release|Any CPU.ActiveCfg = Release|Any CPU
		{FB58F68A-2528-48AC-9F1F-B9D14BED41B4}.Release|Any CPU.Build.0 = Release|Any CPU
		{192B2312-8A70-41E6-BB81-D5F22C13FDD5}.Debug|Any CPU.ActiveCfg = Debug|Any CPU
		{192B2312-8A70-41E6-BB81-D5F22C13FDD5}.Debug|Any CPU.Build.0 = Debug|Any CPU
		{192B2312-8A70-41E6-BB81-D5F22C13FDD5}.Release|Any CPU.ActiveCfg = Release|Any CPU
		{192B2312-8A70-41E6-BB81-D5F22C13FDD5}.Release|Any CPU.Build.0 = Release|Any CPU
		{70167906-507C-465E-9E20-9BEF239F197E}.Debug|Any CPU.ActiveCfg = Debug|Any CPU
		{70167906-507C-465E-9E20-9BEF239F197E}.Debug|Any CPU.Build.0 = Debug|Any CPU
		{70167906-507C-465E-9E20-9BEF239F197E}.Release|Any CPU.ActiveCfg = Release|Any CPU
		{70167906-507C-465E-9E20-9BEF239F197E}.Release|Any CPU.Build.0 = Release|Any CPU
	EndGlobalSection
	GlobalSection(SolutionProperties) = preSolution
		HideSolutionNode = FALSE
	EndGlobalSection
EndGlobal
