
Microsoft Visual Studio Solution File, Format Version 12.00
# Visual Studio 2012
Project("{FAE04EC0-301F-11D3-BF4B-00C04F79EFBC}") = "01a-ReverseMatrix", "01a-ReverseMatrix\01a-ReverseMatrix.csproj", "{994DFFFB-44A8-4A2B-9C57-8833A5D49139}"
EndProject
Project("{FAE04EC0-301F-11D3-BF4B-00C04F79EFBC}") = "01b-ReverseMatrix", "1b-ReverseMatrix\01b-ReverseMatrix.csproj", "{D2CA7E95-A43C-4B26-9522-BD9760ECE093}"
EndProject
Project("{FAE04EC0-301F-11D3-BF4B-00C04F79EFBC}") = "01c-ReverseMatrix", "1c-ReverseMatrix\01c-ReverseMatrix.csproj", "{BDC35CE5-8304-4CB9-B549-A6741C785B78}"
EndProject
Project("{FAE04EC0-301F-11D3-BF4B-00C04F79EFBC}") = "02-MaxSubMatrix", "02-MaxSubMatrix\02-MaxSubMatrix.csproj", "{4834FF68-BF59-4FC2-9B50-9EEB82DC179E}"
EndProject
Project("{FAE04EC0-301F-11D3-BF4B-00C04F79EFBC}") = "04-BinarySearch", "04-BinarySearch\04-BinarySearch.csproj", "{29A29785-1DB2-41FC-8C84-AC7E9950C27E}"
EndProject
Project("{FAE04EC0-301F-11D3-BF4B-00C04F79EFBC}") = "05-StringLengthSort", "05-StringLengthSort\05-StringLengthSort.csproj", "{4F257E48-8ECC-4018-A361-98BF5F979BD7}"
EndProject
Project("{FAE04EC0-301F-11D3-BF4B-00C04F79EFBC}") = "03-HeHeHe", "03-HeHeHe\03-HeHeHe.csproj", "{E6118714-ED4A-4228-A115-22B330773D25}"
EndProject
Global
	GlobalSection(SolutionConfigurationPlatforms) = preSolution
		Debug|Any CPU = Debug|Any CPU
		Release|Any CPU = Release|Any CPU
	EndGlobalSection
	GlobalSection(ProjectConfigurationPlatforms) = postSolution
		{994DFFFB-44A8-4A2B-9C57-8833A5D49139}.Debug|Any CPU.ActiveCfg = Debug|Any CPU
		{994DFFFB-44A8-4A2B-9C57-8833A5D49139}.Debug|Any CPU.Build.0 = Debug|Any CPU
		{994DFFFB-44A8-4A2B-9C57-8833A5D49139}.Release|Any CPU.ActiveCfg = Release|Any CPU
		{994DFFFB-44A8-4A2B-9C57-8833A5D49139}.Release|Any CPU.Build.0 = Release|Any CPU
		{D2CA7E95-A43C-4B26-9522-BD9760ECE093}.Debug|Any CPU.ActiveCfg = Debug|Any CPU
		{D2CA7E95-A43C-4B26-9522-BD9760ECE093}.Debug|Any CPU.Build.0 = Debug|Any CPU
		{D2CA7E95-A43C-4B26-9522-BD9760ECE093}.Release|Any CPU.ActiveCfg = Release|Any CPU
		{D2CA7E95-A43C-4B26-9522-BD9760ECE093}.Release|Any CPU.Build.0 = Release|Any CPU
		{BDC35CE5-8304-4CB9-B549-A6741C785B78}.Debug|Any CPU.ActiveCfg = Debug|Any CPU
		{BDC35CE5-8304-4CB9-B549-A6741C785B78}.Debug|Any CPU.Build.0 = Debug|Any CPU
		{BDC35CE5-8304-4CB9-B549-A6741C785B78}.Release|Any CPU.ActiveCfg = Release|Any CPU
		{BDC35CE5-8304-4CB9-B549-A6741C785B78}.Release|Any CPU.Build.0 = Release|Any CPU
		{4834FF68-BF59-4FC2-9B50-9EEB82DC179E}.Debug|Any CPU.ActiveCfg = Debug|Any CPU
		{4834FF68-BF59-4FC2-9B50-9EEB82DC179E}.Debug|Any CPU.Build.0 = Debug|Any CPU
		{4834FF68-BF59-4FC2-9B50-9EEB82DC179E}.Release|Any CPU.ActiveCfg = Release|Any CPU
		{4834FF68-BF59-4FC2-9B50-9EEB82DC179E}.Release|Any CPU.Build.0 = Release|Any CPU
		{29A29785-1DB2-41FC-8C84-AC7E9950C27E}.Debug|Any CPU.ActiveCfg = Debug|Any CPU
		{29A29785-1DB2-41FC-8C84-AC7E9950C27E}.Debug|Any CPU.Build.0 = Debug|Any CPU
		{29A29785-1DB2-41FC-8C84-AC7E9950C27E}.Release|Any CPU.ActiveCfg = Release|Any CPU
		{29A29785-1DB2-41FC-8C84-AC7E9950C27E}.Release|Any CPU.Build.0 = Release|Any CPU
		{4F257E48-8ECC-4018-A361-98BF5F979BD7}.Debug|Any CPU.ActiveCfg = Debug|Any CPU
		{4F257E48-8ECC-4018-A361-98BF5F979BD7}.Debug|Any CPU.Build.0 = Debug|Any CPU
		{4F257E48-8ECC-4018-A361-98BF5F979BD7}.Release|Any CPU.ActiveCfg = Release|Any CPU
		{4F257E48-8ECC-4018-A361-98BF5F979BD7}.Release|Any CPU.Build.0 = Release|Any CPU
		{E6118714-ED4A-4228-A115-22B330773D25}.Debug|Any CPU.ActiveCfg = Debug|Any CPU
		{E6118714-ED4A-4228-A115-22B330773D25}.Debug|Any CPU.Build.0 = Debug|Any CPU
		{E6118714-ED4A-4228-A115-22B330773D25}.Release|Any CPU.ActiveCfg = Release|Any CPU
		{E6118714-ED4A-4228-A115-22B330773D25}.Release|Any CPU.Build.0 = Release|Any CPU
	EndGlobalSection
	GlobalSection(SolutionProperties) = preSolution
		HideSolutionNode = FALSE
	EndGlobalSection
EndGlobal
