
Microsoft Visual Studio Solution File, Format Version 12.00
# Visual Studio 2013
VisualStudioVersion = 12.0.21005.1
MinimumVisualStudioVersion = 10.0.40219.1
Project("{FAE04EC0-301F-11D3-BF4B-00C04F79EFBC}") = "StudentSystem.Model", "StudentSystem.Model\StudentSystem.Model.csproj", "{A1E90F25-F728-485A-BE28-6B3DDB8DF3C0}"
EndProject
Project("{FAE04EC0-301F-11D3-BF4B-00C04F79EFBC}") = "StudentSystem.Data", "StudentSystem.Data\StudentSystem.Data.csproj", "{5602465B-23CB-4548-AC5F-73DBD1A67C02}"
EndProject
Project("{FAE04EC0-301F-11D3-BF4B-00C04F79EFBC}") = "StudentSystem.ConsoleClient", "StudentSystem.ConsoleClient\StudentSystem.ConsoleClient.csproj", "{261C1904-C84D-4DD5-9158-42F7F302AEC8}"
EndProject
Global
	GlobalSection(SolutionConfigurationPlatforms) = preSolution
		Debug|Any CPU = Debug|Any CPU
		Release|Any CPU = Release|Any CPU
	EndGlobalSection
	GlobalSection(ProjectConfigurationPlatforms) = postSolution
		{A1E90F25-F728-485A-BE28-6B3DDB8DF3C0}.Debug|Any CPU.ActiveCfg = Debug|Any CPU
		{A1E90F25-F728-485A-BE28-6B3DDB8DF3C0}.Debug|Any CPU.Build.0 = Debug|Any CPU
		{A1E90F25-F728-485A-BE28-6B3DDB8DF3C0}.Release|Any CPU.ActiveCfg = Release|Any CPU
		{A1E90F25-F728-485A-BE28-6B3DDB8DF3C0}.Release|Any CPU.Build.0 = Release|Any CPU
		{5602465B-23CB-4548-AC5F-73DBD1A67C02}.Debug|Any CPU.ActiveCfg = Debug|Any CPU
		{5602465B-23CB-4548-AC5F-73DBD1A67C02}.Debug|Any CPU.Build.0 = Debug|Any CPU
		{5602465B-23CB-4548-AC5F-73DBD1A67C02}.Release|Any CPU.ActiveCfg = Release|Any CPU
		{5602465B-23CB-4548-AC5F-73DBD1A67C02}.Release|Any CPU.Build.0 = Release|Any CPU
		{261C1904-C84D-4DD5-9158-42F7F302AEC8}.Debug|Any CPU.ActiveCfg = Debug|Any CPU
		{261C1904-C84D-4DD5-9158-42F7F302AEC8}.Debug|Any CPU.Build.0 = Debug|Any CPU
		{261C1904-C84D-4DD5-9158-42F7F302AEC8}.Release|Any CPU.ActiveCfg = Release|Any CPU
		{261C1904-C84D-4DD5-9158-42F7F302AEC8}.Release|Any CPU.Build.0 = Release|Any CPU
	EndGlobalSection
	GlobalSection(SolutionProperties) = preSolution
		HideSolutionNode = FALSE
	EndGlobalSection
EndGlobal
