
Microsoft Visual Studio Solution File, Format Version 12.00
# Visual Studio 2012
Project("{FAE04EC0-301F-11D3-BF4B-00C04F79EFBC}") = "01-ElementsMultiplied", "01-ElementsMultiplied\01-ElementsMultiplied.csproj", "{B8A0958C-3D63-491C-AA9C-24727F842DB5}"
EndProject
Project("{FAE04EC0-301F-11D3-BF4B-00C04F79EFBC}") = "02-CompareElements", "02-CompareElements\02-CompareElements.csproj", "{6144DD04-956A-4575-BE30-CD979275C856}"
EndProject
Project("{FAE04EC0-301F-11D3-BF4B-00C04F79EFBC}") = "03-CompareCharArrays", "03-CompareCharArrays\03-CompareCharArrays.csproj", "{9151D3A8-E4D9-4FFE-BACF-21042B16559D}"
EndProject
Project("{FAE04EC0-301F-11D3-BF4B-00C04F79EFBC}") = "04-MaxSequence", "04-MaxSequence\04-MaxSequence.csproj", "{0E077595-379E-42F4-84A4-D336859AF0BE}"
EndProject
Project("{FAE04EC0-301F-11D3-BF4B-00C04F79EFBC}") = "05-MaxIncreasingSequence", "05-MaxIncreasingSequence\05-MaxIncreasingSequence.csproj", "{8154E9C9-983B-47C0-9C81-AC7B6B5BDA96}"
EndProject
Project("{FAE04EC0-301F-11D3-BF4B-00C04F79EFBC}") = "06-MaxSumOfElements", "06-MaxSumOfElements\06-MaxSumOfElements.csproj", "{22BB0900-5731-4AB3-841D-4300ACCCA002}"
EndProject
Project("{FAE04EC0-301F-11D3-BF4B-00C04F79EFBC}") = "07-SelectionSort", "07-SelectionSort\07-SelectionSort.csproj", "{CD30FF0A-009F-4EB3-97A0-89299146ECEF}"
EndProject
Project("{FAE04EC0-301F-11D3-BF4B-00C04F79EFBC}") = "08-MaxSumSequence", "08-MaxSumSequence\08-MaxSumSequence.csproj", "{70D1D0D9-6564-42ED-A9AB-D44F7F794A56}"
EndProject
Project("{FAE04EC0-301F-11D3-BF4B-00C04F79EFBC}") = "09-MostFrequentElements", "09-MostFrequentElements\09-MostFrequentElements.csproj", "{72640FE1-3005-4380-9199-456AD23F7C7A}"
EndProject
Project("{FAE04EC0-301F-11D3-BF4B-00C04F79EFBC}") = "11-BinarySearch", "11-BinarySearch\11-BinarySearch.csproj", "{B09A3E8E-6BB3-4A65-85F2-16CA1F252B6C}"
EndProject
Project("{FAE04EC0-301F-11D3-BF4B-00C04F79EFBC}") = "12-IndexOfLetters", "12-IndexOfLetters\12-IndexOfLetters.csproj", "{8E9646A2-B295-4838-97D5-132EC1C61FD1}"
EndProject
Project("{FAE04EC0-301F-11D3-BF4B-00C04F79EFBC}") = "13-MergeSort", "13-MergeSort\13-MergeSort.csproj", "{54324978-E3F9-4DFE-B97B-764168EA6366}"
EndProject
Project("{FAE04EC0-301F-11D3-BF4B-00C04F79EFBC}") = "14-QuickSort", "14-QuickSort\14-QuickSort.csproj", "{5323C244-37C1-4D46-8C49-2F1EC20257BC}"
EndProject
Project("{FAE04EC0-301F-11D3-BF4B-00C04F79EFBC}") = "10-SubsetSum", "10-SubsetSum\10-SubsetSum.csproj", "{2739DF3A-AEDA-4195-8E3E-A514AAE7F1DB}"
EndProject
Project("{FAE04EC0-301F-11D3-BF4B-00C04F79EFBC}") = "15-MuchPrimeSuchNumbers", "15-MuchPrimeSuchNumbers\15-MuchPrimeSuchNumbers.csproj", "{49C6C24D-BC32-4D72-AF64-CC2E7D11C2FD}"
EndProject
Project("{FAE04EC0-301F-11D3-BF4B-00C04F79EFBC}") = "20-Variations", "20-Variations\20-Variations.csproj", "{6F181C42-2868-45DD-9D28-1069318F81AA}"
EndProject
Project("{FAE04EC0-301F-11D3-BF4B-00C04F79EFBC}") = "21-Combinations", "21-Combinations\21-Combinations.csproj", "{D9E0FAD9-D143-4F81-A479-9B8A7764B1A2}"
EndProject
Global
	GlobalSection(SolutionConfigurationPlatforms) = preSolution
		Debug|Any CPU = Debug|Any CPU
		Release|Any CPU = Release|Any CPU
	EndGlobalSection
	GlobalSection(ProjectConfigurationPlatforms) = postSolution
		{B8A0958C-3D63-491C-AA9C-24727F842DB5}.Debug|Any CPU.ActiveCfg = Debug|Any CPU
		{B8A0958C-3D63-491C-AA9C-24727F842DB5}.Debug|Any CPU.Build.0 = Debug|Any CPU
		{B8A0958C-3D63-491C-AA9C-24727F842DB5}.Release|Any CPU.ActiveCfg = Release|Any CPU
		{B8A0958C-3D63-491C-AA9C-24727F842DB5}.Release|Any CPU.Build.0 = Release|Any CPU
		{6144DD04-956A-4575-BE30-CD979275C856}.Debug|Any CPU.ActiveCfg = Debug|Any CPU
		{6144DD04-956A-4575-BE30-CD979275C856}.Debug|Any CPU.Build.0 = Debug|Any CPU
		{6144DD04-956A-4575-BE30-CD979275C856}.Release|Any CPU.ActiveCfg = Release|Any CPU
		{6144DD04-956A-4575-BE30-CD979275C856}.Release|Any CPU.Build.0 = Release|Any CPU
		{9151D3A8-E4D9-4FFE-BACF-21042B16559D}.Debug|Any CPU.ActiveCfg = Debug|Any CPU
		{9151D3A8-E4D9-4FFE-BACF-21042B16559D}.Debug|Any CPU.Build.0 = Debug|Any CPU
		{9151D3A8-E4D9-4FFE-BACF-21042B16559D}.Release|Any CPU.ActiveCfg = Release|Any CPU
		{9151D3A8-E4D9-4FFE-BACF-21042B16559D}.Release|Any CPU.Build.0 = Release|Any CPU
		{0E077595-379E-42F4-84A4-D336859AF0BE}.Debug|Any CPU.ActiveCfg = Debug|Any CPU
		{0E077595-379E-42F4-84A4-D336859AF0BE}.Debug|Any CPU.Build.0 = Debug|Any CPU
		{0E077595-379E-42F4-84A4-D336859AF0BE}.Release|Any CPU.ActiveCfg = Release|Any CPU
		{0E077595-379E-42F4-84A4-D336859AF0BE}.Release|Any CPU.Build.0 = Release|Any CPU
		{8154E9C9-983B-47C0-9C81-AC7B6B5BDA96}.Debug|Any CPU.ActiveCfg = Debug|Any CPU
		{8154E9C9-983B-47C0-9C81-AC7B6B5BDA96}.Debug|Any CPU.Build.0 = Debug|Any CPU
		{8154E9C9-983B-47C0-9C81-AC7B6B5BDA96}.Release|Any CPU.ActiveCfg = Release|Any CPU
		{8154E9C9-983B-47C0-9C81-AC7B6B5BDA96}.Release|Any CPU.Build.0 = Release|Any CPU
		{22BB0900-5731-4AB3-841D-4300ACCCA002}.Debug|Any CPU.ActiveCfg = Debug|Any CPU
		{22BB0900-5731-4AB3-841D-4300ACCCA002}.Debug|Any CPU.Build.0 = Debug|Any CPU
		{22BB0900-5731-4AB3-841D-4300ACCCA002}.Release|Any CPU.ActiveCfg = Release|Any CPU
		{22BB0900-5731-4AB3-841D-4300ACCCA002}.Release|Any CPU.Build.0 = Release|Any CPU
		{CD30FF0A-009F-4EB3-97A0-89299146ECEF}.Debug|Any CPU.ActiveCfg = Debug|Any CPU
		{CD30FF0A-009F-4EB3-97A0-89299146ECEF}.Debug|Any CPU.Build.0 = Debug|Any CPU
		{CD30FF0A-009F-4EB3-97A0-89299146ECEF}.Release|Any CPU.ActiveCfg = Release|Any CPU
		{CD30FF0A-009F-4EB3-97A0-89299146ECEF}.Release|Any CPU.Build.0 = Release|Any CPU
		{70D1D0D9-6564-42ED-A9AB-D44F7F794A56}.Debug|Any CPU.ActiveCfg = Debug|Any CPU
		{70D1D0D9-6564-42ED-A9AB-D44F7F794A56}.Debug|Any CPU.Build.0 = Debug|Any CPU
		{70D1D0D9-6564-42ED-A9AB-D44F7F794A56}.Release|Any CPU.ActiveCfg = Release|Any CPU
		{70D1D0D9-6564-42ED-A9AB-D44F7F794A56}.Release|Any CPU.Build.0 = Release|Any CPU
		{72640FE1-3005-4380-9199-456AD23F7C7A}.Debug|Any CPU.ActiveCfg = Debug|Any CPU
		{72640FE1-3005-4380-9199-456AD23F7C7A}.Debug|Any CPU.Build.0 = Debug|Any CPU
		{72640FE1-3005-4380-9199-456AD23F7C7A}.Release|Any CPU.ActiveCfg = Release|Any CPU
		{72640FE1-3005-4380-9199-456AD23F7C7A}.Release|Any CPU.Build.0 = Release|Any CPU
		{B09A3E8E-6BB3-4A65-85F2-16CA1F252B6C}.Debug|Any CPU.ActiveCfg = Debug|Any CPU
		{B09A3E8E-6BB3-4A65-85F2-16CA1F252B6C}.Debug|Any CPU.Build.0 = Debug|Any CPU
		{B09A3E8E-6BB3-4A65-85F2-16CA1F252B6C}.Release|Any CPU.ActiveCfg = Release|Any CPU
		{B09A3E8E-6BB3-4A65-85F2-16CA1F252B6C}.Release|Any CPU.Build.0 = Release|Any CPU
		{8E9646A2-B295-4838-97D5-132EC1C61FD1}.Debug|Any CPU.ActiveCfg = Debug|Any CPU
		{8E9646A2-B295-4838-97D5-132EC1C61FD1}.Debug|Any CPU.Build.0 = Debug|Any CPU
		{8E9646A2-B295-4838-97D5-132EC1C61FD1}.Release|Any CPU.ActiveCfg = Release|Any CPU
		{8E9646A2-B295-4838-97D5-132EC1C61FD1}.Release|Any CPU.Build.0 = Release|Any CPU
		{54324978-E3F9-4DFE-B97B-764168EA6366}.Debug|Any CPU.ActiveCfg = Debug|Any CPU
		{54324978-E3F9-4DFE-B97B-764168EA6366}.Debug|Any CPU.Build.0 = Debug|Any CPU
		{54324978-E3F9-4DFE-B97B-764168EA6366}.Release|Any CPU.ActiveCfg = Release|Any CPU
		{54324978-E3F9-4DFE-B97B-764168EA6366}.Release|Any CPU.Build.0 = Release|Any CPU
		{5323C244-37C1-4D46-8C49-2F1EC20257BC}.Debug|Any CPU.ActiveCfg = Debug|Any CPU
		{5323C244-37C1-4D46-8C49-2F1EC20257BC}.Debug|Any CPU.Build.0 = Debug|Any CPU
		{5323C244-37C1-4D46-8C49-2F1EC20257BC}.Release|Any CPU.ActiveCfg = Release|Any CPU
		{5323C244-37C1-4D46-8C49-2F1EC20257BC}.Release|Any CPU.Build.0 = Release|Any CPU
		{2739DF3A-AEDA-4195-8E3E-A514AAE7F1DB}.Debug|Any CPU.ActiveCfg = Debug|Any CPU
		{2739DF3A-AEDA-4195-8E3E-A514AAE7F1DB}.Debug|Any CPU.Build.0 = Debug|Any CPU
		{2739DF3A-AEDA-4195-8E3E-A514AAE7F1DB}.Release|Any CPU.ActiveCfg = Release|Any CPU
		{2739DF3A-AEDA-4195-8E3E-A514AAE7F1DB}.Release|Any CPU.Build.0 = Release|Any CPU
		{49C6C24D-BC32-4D72-AF64-CC2E7D11C2FD}.Debug|Any CPU.ActiveCfg = Debug|Any CPU
		{49C6C24D-BC32-4D72-AF64-CC2E7D11C2FD}.Debug|Any CPU.Build.0 = Debug|Any CPU
		{49C6C24D-BC32-4D72-AF64-CC2E7D11C2FD}.Release|Any CPU.ActiveCfg = Release|Any CPU
		{49C6C24D-BC32-4D72-AF64-CC2E7D11C2FD}.Release|Any CPU.Build.0 = Release|Any CPU
		{6F181C42-2868-45DD-9D28-1069318F81AA}.Debug|Any CPU.ActiveCfg = Debug|Any CPU
		{6F181C42-2868-45DD-9D28-1069318F81AA}.Debug|Any CPU.Build.0 = Debug|Any CPU
		{6F181C42-2868-45DD-9D28-1069318F81AA}.Release|Any CPU.ActiveCfg = Release|Any CPU
		{6F181C42-2868-45DD-9D28-1069318F81AA}.Release|Any CPU.Build.0 = Release|Any CPU
		{D9E0FAD9-D143-4F81-A479-9B8A7764B1A2}.Debug|Any CPU.ActiveCfg = Debug|Any CPU
		{D9E0FAD9-D143-4F81-A479-9B8A7764B1A2}.Debug|Any CPU.Build.0 = Debug|Any CPU
		{D9E0FAD9-D143-4F81-A479-9B8A7764B1A2}.Release|Any CPU.ActiveCfg = Release|Any CPU
		{D9E0FAD9-D143-4F81-A479-9B8A7764B1A2}.Release|Any CPU.Build.0 = Release|Any CPU
	EndGlobalSection
	GlobalSection(SolutionProperties) = preSolution
		HideSolutionNode = FALSE
	EndGlobalSection
EndGlobal
