
Microsoft Visual Studio Solution File, Format Version 12.00
# Visual Studio 2013
VisualStudioVersion = 12.0.21005.1
MinimumVisualStudioVersion = 10.0.40219.1
Project("{FAE04EC0-301F-11D3-BF4B-00C04F79EFBC}") = "01-School", "01-School\01-School.csproj", "{84944F50-8507-4736-BD20-77FB6618B062}"
EndProject
Project("{FAE04EC0-301F-11D3-BF4B-00C04F79EFBC}") = "02-Moneh", "Moneh\02-Moneh.csproj", "{AAA1A270-DC0A-41A0-9FD4-286E207A2482}"
EndProject
Project("{FAE04EC0-301F-11D3-BF4B-00C04F79EFBC}") = "03-Animals", "Animals\03-Animals.csproj", "{2929AEFB-7007-4C10-90FF-6BC74725FC32}"
EndProject
Global
	GlobalSection(SolutionConfigurationPlatforms) = preSolution
		Debug|Any CPU = Debug|Any CPU
		Release|Any CPU = Release|Any CPU
	EndGlobalSection
	GlobalSection(ProjectConfigurationPlatforms) = postSolution
		{84944F50-8507-4736-BD20-77FB6618B062}.Debug|Any CPU.ActiveCfg = Debug|Any CPU
		{84944F50-8507-4736-BD20-77FB6618B062}.Debug|Any CPU.Build.0 = Debug|Any CPU
		{84944F50-8507-4736-BD20-77FB6618B062}.Release|Any CPU.ActiveCfg = Release|Any CPU
		{84944F50-8507-4736-BD20-77FB6618B062}.Release|Any CPU.Build.0 = Release|Any CPU
		{AAA1A270-DC0A-41A0-9FD4-286E207A2482}.Debug|Any CPU.ActiveCfg = Debug|Any CPU
		{AAA1A270-DC0A-41A0-9FD4-286E207A2482}.Debug|Any CPU.Build.0 = Debug|Any CPU
		{AAA1A270-DC0A-41A0-9FD4-286E207A2482}.Release|Any CPU.ActiveCfg = Release|Any CPU
		{AAA1A270-DC0A-41A0-9FD4-286E207A2482}.Release|Any CPU.Build.0 = Release|Any CPU
		{2929AEFB-7007-4C10-90FF-6BC74725FC32}.Debug|Any CPU.ActiveCfg = Debug|Any CPU
		{2929AEFB-7007-4C10-90FF-6BC74725FC32}.Debug|Any CPU.Build.0 = Debug|Any CPU
		{2929AEFB-7007-4C10-90FF-6BC74725FC32}.Release|Any CPU.ActiveCfg = Release|Any CPU
		{2929AEFB-7007-4C10-90FF-6BC74725FC32}.Release|Any CPU.Build.0 = Release|Any CPU
	EndGlobalSection
	GlobalSection(SolutionProperties) = preSolution
		HideSolutionNode = FALSE
	EndGlobalSection
EndGlobal
