
Microsoft Visual Studio Solution File, Format Version 12.00
# Visual Studio 2012
Project("{FAE04EC0-301F-11D3-BF4B-00C04F79EFBC}") = "01-PrintName", "01-PrintName\01-PrintName.csproj", "{E9C9BD4A-C924-49E0-9E42-A43A20FF2B60}"
EndProject
Project("{FAE04EC0-301F-11D3-BF4B-00C04F79EFBC}") = "02-BiggestInt", "02-BiggestInt\02-BiggestInt.csproj", "{8CC7A981-AFCF-4D1B-B35F-F975067B2AD0}"
EndProject
Project("{FAE04EC0-301F-11D3-BF4B-00C04F79EFBC}") = "03-LastDigit", "03-LastDigit\03-LastDigit.csproj", "{4392F26C-74E2-463D-A937-5461C37FDF28}"
EndProject
Project("{FAE04EC0-301F-11D3-BF4B-00C04F79EFBC}") = "04-RepeatedNumber", "04-RepeatedNumber\04-RepeatedNumber.csproj", "{093A23C1-E9FD-4AC9-8584-F31C15CDC50F}"
EndProject
Project("{FAE04EC0-301F-11D3-BF4B-00C04F79EFBC}") = "05-MyIndexIsBigger", "05-MyIndexIsBigger\05-MyIndexIsBigger.csproj", "{EF7BCFA8-9C50-4C0B-8DE1-5924B25BDEF8}"
EndProject
Project("{FAE04EC0-301F-11D3-BF4B-00C04F79EFBC}") = "06-BiggerElementAgain", "06-BiggerElementAgain\06-BiggerElementAgain.csproj", "{370B62CE-E665-481C-9F00-B135C8013411}"
EndProject
Project("{FAE04EC0-301F-11D3-BF4B-00C04F79EFBC}") = "07-DecimalReverse", "07-DecimalReverse\07-DecimalReverse.csproj", "{8452A726-8E25-4844-AF4E-4C306B5377AB}"
EndProject
Project("{FAE04EC0-301F-11D3-BF4B-00C04F79EFBC}") = "09-MaxElement", "09-MaxElement\09-MaxElement.csproj", "{193A2FCB-9C4C-40D6-8273-655E7FBFE1B4}"
EndProject
Project("{FAE04EC0-301F-11D3-BF4B-00C04F79EFBC}") = "14-MuchStuff", "14-MuchStuff\14-MuchStuff.csproj", "{1BF43CE2-43B5-4044-AD94-8764D142E0A3}"
EndProject
Project("{FAE04EC0-301F-11D3-BF4B-00C04F79EFBC}") = "13-MegaCoolProgram", "13-MegaCoolProgram\13-MegaCoolProgram.csproj", "{F47DC5A6-C116-47F3-86C5-AEB636CC225A}"
EndProject
Project("{FAE04EC0-301F-11D3-BF4B-00C04F79EFBC}") = "08-Addition", "08-Addition\08-Addition.csproj", "{BE7F0F1A-FCDF-4676-9AB2-177F2BA9DFF9}"
EndProject
Global
	GlobalSection(SolutionConfigurationPlatforms) = preSolution
		Debug|Any CPU = Debug|Any CPU
		Release|Any CPU = Release|Any CPU
	EndGlobalSection
	GlobalSection(ProjectConfigurationPlatforms) = postSolution
		{E9C9BD4A-C924-49E0-9E42-A43A20FF2B60}.Debug|Any CPU.ActiveCfg = Debug|Any CPU
		{E9C9BD4A-C924-49E0-9E42-A43A20FF2B60}.Debug|Any CPU.Build.0 = Debug|Any CPU
		{E9C9BD4A-C924-49E0-9E42-A43A20FF2B60}.Release|Any CPU.ActiveCfg = Release|Any CPU
		{E9C9BD4A-C924-49E0-9E42-A43A20FF2B60}.Release|Any CPU.Build.0 = Release|Any CPU
		{8CC7A981-AFCF-4D1B-B35F-F975067B2AD0}.Debug|Any CPU.ActiveCfg = Debug|Any CPU
		{8CC7A981-AFCF-4D1B-B35F-F975067B2AD0}.Debug|Any CPU.Build.0 = Debug|Any CPU
		{8CC7A981-AFCF-4D1B-B35F-F975067B2AD0}.Release|Any CPU.ActiveCfg = Release|Any CPU
		{8CC7A981-AFCF-4D1B-B35F-F975067B2AD0}.Release|Any CPU.Build.0 = Release|Any CPU
		{4392F26C-74E2-463D-A937-5461C37FDF28}.Debug|Any CPU.ActiveCfg = Debug|Any CPU
		{4392F26C-74E2-463D-A937-5461C37FDF28}.Debug|Any CPU.Build.0 = Debug|Any CPU
		{4392F26C-74E2-463D-A937-5461C37FDF28}.Release|Any CPU.ActiveCfg = Release|Any CPU
		{4392F26C-74E2-463D-A937-5461C37FDF28}.Release|Any CPU.Build.0 = Release|Any CPU
		{093A23C1-E9FD-4AC9-8584-F31C15CDC50F}.Debug|Any CPU.ActiveCfg = Debug|Any CPU
		{093A23C1-E9FD-4AC9-8584-F31C15CDC50F}.Debug|Any CPU.Build.0 = Debug|Any CPU
		{093A23C1-E9FD-4AC9-8584-F31C15CDC50F}.Release|Any CPU.ActiveCfg = Release|Any CPU
		{093A23C1-E9FD-4AC9-8584-F31C15CDC50F}.Release|Any CPU.Build.0 = Release|Any CPU
		{EF7BCFA8-9C50-4C0B-8DE1-5924B25BDEF8}.Debug|Any CPU.ActiveCfg = Debug|Any CPU
		{EF7BCFA8-9C50-4C0B-8DE1-5924B25BDEF8}.Debug|Any CPU.Build.0 = Debug|Any CPU
		{EF7BCFA8-9C50-4C0B-8DE1-5924B25BDEF8}.Release|Any CPU.ActiveCfg = Release|Any CPU
		{EF7BCFA8-9C50-4C0B-8DE1-5924B25BDEF8}.Release|Any CPU.Build.0 = Release|Any CPU
		{370B62CE-E665-481C-9F00-B135C8013411}.Debug|Any CPU.ActiveCfg = Debug|Any CPU
		{370B62CE-E665-481C-9F00-B135C8013411}.Debug|Any CPU.Build.0 = Debug|Any CPU
		{370B62CE-E665-481C-9F00-B135C8013411}.Release|Any CPU.ActiveCfg = Release|Any CPU
		{370B62CE-E665-481C-9F00-B135C8013411}.Release|Any CPU.Build.0 = Release|Any CPU
		{8452A726-8E25-4844-AF4E-4C306B5377AB}.Debug|Any CPU.ActiveCfg = Debug|Any CPU
		{8452A726-8E25-4844-AF4E-4C306B5377AB}.Debug|Any CPU.Build.0 = Debug|Any CPU
		{8452A726-8E25-4844-AF4E-4C306B5377AB}.Release|Any CPU.ActiveCfg = Release|Any CPU
		{8452A726-8E25-4844-AF4E-4C306B5377AB}.Release|Any CPU.Build.0 = Release|Any CPU
		{193A2FCB-9C4C-40D6-8273-655E7FBFE1B4}.Debug|Any CPU.ActiveCfg = Debug|Any CPU
		{193A2FCB-9C4C-40D6-8273-655E7FBFE1B4}.Debug|Any CPU.Build.0 = Debug|Any CPU
		{193A2FCB-9C4C-40D6-8273-655E7FBFE1B4}.Release|Any CPU.ActiveCfg = Release|Any CPU
		{193A2FCB-9C4C-40D6-8273-655E7FBFE1B4}.Release|Any CPU.Build.0 = Release|Any CPU
		{1BF43CE2-43B5-4044-AD94-8764D142E0A3}.Debug|Any CPU.ActiveCfg = Debug|Any CPU
		{1BF43CE2-43B5-4044-AD94-8764D142E0A3}.Debug|Any CPU.Build.0 = Debug|Any CPU
		{1BF43CE2-43B5-4044-AD94-8764D142E0A3}.Release|Any CPU.ActiveCfg = Release|Any CPU
		{1BF43CE2-43B5-4044-AD94-8764D142E0A3}.Release|Any CPU.Build.0 = Release|Any CPU
		{F47DC5A6-C116-47F3-86C5-AEB636CC225A}.Debug|Any CPU.ActiveCfg = Debug|Any CPU
		{F47DC5A6-C116-47F3-86C5-AEB636CC225A}.Debug|Any CPU.Build.0 = Debug|Any CPU
		{F47DC5A6-C116-47F3-86C5-AEB636CC225A}.Release|Any CPU.ActiveCfg = Release|Any CPU
		{F47DC5A6-C116-47F3-86C5-AEB636CC225A}.Release|Any CPU.Build.0 = Release|Any CPU
		{BE7F0F1A-FCDF-4676-9AB2-177F2BA9DFF9}.Debug|Any CPU.ActiveCfg = Debug|Any CPU
		{BE7F0F1A-FCDF-4676-9AB2-177F2BA9DFF9}.Debug|Any CPU.Build.0 = Debug|Any CPU
		{BE7F0F1A-FCDF-4676-9AB2-177F2BA9DFF9}.Release|Any CPU.ActiveCfg = Release|Any CPU
		{BE7F0F1A-FCDF-4676-9AB2-177F2BA9DFF9}.Release|Any CPU.Build.0 = Release|Any CPU
	EndGlobalSection
	GlobalSection(SolutionProperties) = preSolution
		HideSolutionNode = FALSE
	EndGlobalSection
EndGlobal
